<?xml version="1.0" encoding="utf-8"?>
<Project ToolsVersion="4.0" xmlns="http://schemas.microsoft.com/developer/msbuild/2003">
  <ItemGroup>
    <Filter Include="소스 파일">
      <UniqueIdentifier>{4FC737F1-C7A5-4376-A066-2A32D752A2FF}</UniqueIdentifier>
      <Extensions>cpp;c;cc;cxx;def;odl;idl;hpj;bat;asm;asmx</Extensions>
    </Filter>
    <Filter Include="헤더 파일">
      <UniqueIdentifier>{93995380-89BD-4b04-88EB-625FBE52EBFB}</UniqueIdentifier>
      <Extensions>h;hh;hpp;hxx;hm;inl;inc;xsd</Extensions>
    </Filter>
    <Filter Include="리소스 파일">
      <UniqueIdentifier>{67DA6AB6-F800-4c08-8B7A-83BB121AAD01}</UniqueIdentifier>
      <Extensions>rc;ico;cur;bmp;dlg;rc2;rct;bin;rgs;gif;jpg;jpeg;jpe;resx;tiff;tif;png;wav;mfcribbon-ms</Extensions>
    </Filter>
    <Filter Include="Util">
      <UniqueIdentifier>{e42a36c0-a1c3-45f8-b7ac-beafe0519257}</UniqueIdentifier>
    </Filter>
    <Filter Include="bson">
      <UniqueIdentifier>{6e389618-a8cb-431f-b7dc-f3535aeabc16}</UniqueIdentifier>
    </Filter>
  </ItemGroup>
  <ItemGroup>
    <ClCompile Include="main.cpp">
      <Filter>소스 파일</Filter>
    </ClCompile>
    <ClCompile Include="bson\base64.cpp">
      <Filter>bson</Filter>
    </ClCompile>
    <ClCompile Include="bson\bson.cpp">
      <Filter>bson</Filter>
    </ClCompile>
    <ClCompile Include="bson\hex.cpp">
      <Filter>bson</Filter>
    </ClCompile>
    <ClCompile Include="bson\json.cpp">
      <Filter>bson</Filter>
    </ClCompile>
    <ClCompile Include="bson\parse_number.cpp">
      <Filter>bson</Filter>
    </ClCompile>
    <ClCompile Include="bson\time_support.cpp">
      <Filter>bson</Filter>
    </ClCompile>
    <ClCompile Include="HttpREST.cpp">
      <Filter>소스 파일</Filter>
    </ClCompile>
    <ClCompile Include="prepAgentManager.cpp">
      <Filter>소스 파일</Filter>
    </ClCompile>
    <ClCompile Include="prepProtocolControl.cpp">
      <Filter>소스 파일</Filter>
    </ClCompile>
    <ClCompile Include="prepBuffer.cpp">
      <Filter>소스 파일</Filter>
    </ClCompile>
    <ClCompile Include="PODOBuffer.cpp">
      <Filter>소스 파일</Filter>
    </ClCompile>
    <ClCompile Include="sha1.cpp">
      <Filter>소스 파일</Filter>
    </ClCompile>
    <ClCompile Include="Util.cpp">
      <Filter>소스 파일</Filter>
    </ClCompile>
    <ClCompile Include="NetworkUtil.cpp">
      <Filter>소스 파일</Filter>
    </ClCompile>
    <ClCompile Include="overlayAction.cpp">
      <Filter>소스 파일</Filter>
    </ClCompile>
  </ItemGroup>
  <ItemGroup>
    <ClInclude Include="Util\pthreadWin32\include\need_errno.h">
      <Filter>Util</Filter>
    </ClInclude>
    <ClInclude Include="Util\pthreadWin32\include\pthread.h">
      <Filter>Util</Filter>
    </ClInclude>
    <ClInclude Include="Util\pthreadWin32\include\sched.h">
      <Filter>Util</Filter>
    </ClInclude>
    <ClInclude Include="commonDefine.h">
      <Filter>헤더 파일</Filter>
    </ClInclude>
    <ClInclude Include="commonStruct.h">
      <Filter>헤더 파일</Filter>
    </ClInclude>
    <ClInclude Include="PODOBuffer.h">
      <Filter>헤더 파일</Filter>
    </ClInclude>
    <ClInclude Include="prepAgentManager.h">
      <Filter>헤더 파일</Filter>
    </ClInclude>
    <ClInclude Include="prepBuffer.h">
      <Filter>헤더 파일</Filter>
    </ClInclude>
    <ClInclude Include="prepProtocol.h">
      <Filter>헤더 파일</Filter>
    </ClInclude>
    <ClInclude Include="prepProtocolControl.h">
      <Filter>헤더 파일</Filter>
    </ClInclude>
    <ClInclude Include="bson\base.h">
      <Filter>bson</Filter>
    </ClInclude>
    <ClInclude Include="bson\base64.h">
      <Filter>bson</Filter>
    </ClInclude>
    <ClInclude Include="bson\bsonelement.h">
      <Filter>bson</Filter>
    </ClInclude>
    <ClInclude Include="bson\bson-inl.h">
      <Filter>bson</Filter>
    </ClInclude>
    <ClInclude Include="bson\bsonobj.h">
      <Filter>bson</Filter>
    </ClInclude>
    <ClInclude Include="bson\bsonobjbuilder.h">
      <Filter>bson</Filter>
    </ClInclude>
    <ClInclude Include="bson\bsonobjiterator.h">
      <Filter>bson</Filter>
    </ClInclude>
    <ClInclude Include="bson\bsontypes.h">
      <Filter>bson</Filter>
    </ClInclude>
    <ClInclude Include="bson\builder.h">
      <Filter>bson</Filter>
    </ClInclude>
    <ClInclude Include="bson\cstdint.h">
      <Filter>bson</Filter>
    </ClInclude>
    <ClInclude Include="bson\endian.h">
      <Filter>bson</Filter>
    </ClInclude>
    <ClInclude Include="bson\errorcodes.h">
      <Filter>bson</Filter>
    </ClInclude>
    <ClInclude Include="bson\float_utils.h">
      <Filter>bson</Filter>
    </ClInclude>
    <ClInclude Include="bson\hex.h">
      <Filter>bson</Filter>
    </ClInclude>
    <ClInclude Include="bson\json.h">
      <Filter>bson</Filter>
    </ClInclude>
    <ClInclude Include="bson\oid.h">
      <Filter>bson</Filter>
    </ClInclude>
    <ClInclude Include="bson\ordering.h">
      <Filter>bson</Filter>
    </ClInclude>
    <ClInclude Include="bson\parse_number.h">
      <Filter>bson</Filter>
    </ClInclude>
    <ClInclude Include="bson\status.h">
      <Filter>bson</Filter>
    </ClInclude>
    <ClInclude Include="bson\status_with.h">
      <Filter>bson</Filter>
    </ClInclude>
    <ClInclude Include="bson\string_data.h">
      <Filter>bson</Filter>
    </ClInclude>
    <ClInclude Include="bson\string_data-inl.h">
      <Filter>bson</Filter>
    </ClInclude>
    <ClInclude Include="bson\time_support.h">
      <Filter>bson</Filter>
    </ClInclude>
    <ClInclude Include="HttpREST.h">
      <Filter>헤더 파일</Filter>
    </ClInclude>
    <ClInclude Include="Overlay.h">
      <Filter>헤더 파일</Filter>
    </ClInclude>
    <ClInclude Include="sha1.h">
      <Filter>헤더 파일</Filter>
    </ClInclude>
    <ClInclude Include="Protocol\Busy.h">
      <Filter>헤더 파일</Filter>
    </ClInclude>
    <ClInclude Include="Protocol\Bye.h">
      <Filter>헤더 파일</Filter>
    </ClInclude>
    <ClInclude Include="Protocol\Buffermap.h">
      <Filter>헤더 파일</Filter>
    </ClInclude>
    <ClInclude Include="Protocol\Data.h">
      <Filter>헤더 파일</Filter>
    </ClInclude>
    <ClInclude Include="Protocol\Get.h">
      <Filter>헤더 파일</Filter>
    </ClInclude>
    <ClInclude Include="Protocol\Hello.h">
      <Filter>헤더 파일</Filter>
    </ClInclude>
    <ClInclude Include="Protocol\Notify.h">
      <Filter>헤더 파일</Filter>
    </ClInclude>
    <ClInclude Include="Protocol\JsonKey.h">
      <Filter>헤더 파일</Filter>
    </ClInclude>
    <ClInclude Include="Protocol\Peer.h">
      <Filter>헤더 파일</Filter>
    </ClInclude>
    <ClInclude Include="Protocol\Refresh.h">
      <Filter>헤더 파일</Filter>
    </ClInclude>
    <ClInclude Include="Protocol\PartnerRequest.h">
      <Filter>헤더 파일</Filter>
    </ClInclude>
    <ClInclude Include="Protocol\PartnerResponse.h">
      <Filter>헤더 파일</Filter>
    </ClInclude>
    <ClInclude Include="Protocol\Pello.h">
      <Filter>헤더 파일</Filter>
    </ClInclude>
    <ClInclude Include="Util.h">
      <Filter>헤더 파일</Filter>
    </ClInclude>
    <ClInclude Include="NetworkUtil.h">
      <Filter>헤더 파일</Filter>
    </ClInclude>
    <ClInclude Include="overlayAction.h">
      <Filter>헤더 파일</Filter>
    </ClInclude>
  </ItemGroup>
</Project>